
Microsoft Visual Studio Solution File, Format Version 12.00
# Visual Studio Version 17
VisualStudioVersion = 17.14.36401.2 d17.14
MinimumVisualStudioVersion = 10.0.40219.1
Project("{FAE04EC0-301F-11D3-BF4B-00C04F79EFBC}") = "MedicalAppointmentApp-api", "MedicalAppointmentApp-api\MedicalAppointmentApp-api.csproj", "{A26F04BF-870C-44AE-A2D0-620BDBB03142}"
EndProject
Global
	GlobalSection(SolutionConfigurationPlatforms) = preSolution
		Debug|Any CPU = Debug|Any CPU
		Release|Any CPU = Release|Any CPU
	EndGlobalSection
	GlobalSection(ProjectConfigurationPlatforms) = postSolution
		{A26F04BF-870C-44AE-A2D0-620BDBB03142}.Debug|Any CPU.ActiveCfg = Debug|Any CPU
		{A26F04BF-870C-44AE-A2D0-620BDBB03142}.Debug|Any CPU.Build.0 = Debug|Any CPU
		{A26F04BF-870C-44AE-A2D0-620BDBB03142}.Release|Any CPU.ActiveCfg = Release|Any CPU
		{A26F04BF-870C-44AE-A2D0-620BDBB03142}.Release|Any CPU.Build.0 = Release|Any CPU
	EndGlobalSection
	GlobalSection(SolutionProperties) = preSolution
		HideSolutionNode = FALSE
	EndGlobalSection
	GlobalSection(ExtensibilityGlobals) = postSolution
		SolutionGuid = {09AC4C4D-2562-42D9-811B-1B28BDC925A5}
	EndGlobalSection
EndGlobal
